// !$*UTF8*$!
{
	archiveVersion = 1;
	classes = {
	};
	objectVersion = 46;
	objects = {

/* Begin PBXBuildFile section */
		DEB74D161DA756BA002CBDA4 /*  UVa1151 Buy or Build.cpp in Sources */ = {isa = PBXBuildFile; fileRef = DEB74D151DA756BA002CBDA4 /*  UVa1151 Buy or Build.cpp */; };
		DEB74D1F1DA75729002CBDA4 /* Uva 1395 Slim Span.cpp in Sources */ = {isa = PBXBuildFile; fileRef = DEB74D1E1DA75729002CBDA4 /* Uva 1395 Slim Span.cpp */; };
		DEB833121DA77B0D00E74877 /* UVa247 Calling Circles.cpp in Sources */ = {isa = PBXBuildFile; fileRef = DEB833111DA77B0D00E74877 /* UVa247 Calling Circles.cpp */; };
/* End PBXBuildFile section */

/* Begin PBXCopyFilesBuildPhase section */
		DEB74D101DA756BA002CBDA4 /* CopyFiles */ = {
			isa = PBXCopyFilesBuildPhase;
			buildActionMask = 2147483647;
			dstPath = /usr/share/man/man1/;
			dstSubfolderSpec = 0;
			files = (
			);
			runOnlyForDeploymentPostprocessing = 1;
		};
/* End PBXCopyFilesBuildPhase section */

/* Begin PBXFileReference section */
		DEB74D121DA756BA002CBDA4 /* graph_mode_11_bac2nd */ = {isa = PBXFileReference; explicitFileType = "compiled.mach-o.executable"; includeInIndex = 0; path = graph_mode_11_bac2nd; sourceTree = BUILT_PRODUCTS_DIR; };
		DEB74D151DA756BA002CBDA4 /*  UVa1151 Buy or Build.cpp */ = {isa = PBXFileReference; lastKnownFileType = sourcecode.cpp.cpp; path = " UVa1151 Buy or Build.cpp"; sourceTree = "<group>"; };
		DEB74D1C1DA756E9002CBDA4 /* in */ = {isa = PBXFileReference; fileEncoding = 4; lastKnownFileType = text; path = in; sourceTree = "<group>"; };
		DEB74D1D1DA756F2002CBDA4 /* out */ = {isa = PBXFileReference; fileEncoding = 4; lastKnownFileType = text; path = out; sourceTree = "<group>"; };
		DEB74D1E1DA75729002CBDA4 /* Uva 1395 Slim Span.cpp */ = {isa = PBXFileReference; fileEncoding = 4; lastKnownFileType = sourcecode.cpp.cpp; path = "Uva 1395 Slim Span.cpp"; sourceTree = "<group>"; };
		DEB833111DA77B0D00E74877 /* UVa247 Calling Circles.cpp */ = {isa = PBXFileReference; fileEncoding = 4; lastKnownFileType = sourcecode.cpp.cpp; path = "UVa247 Calling Circles.cpp"; sourceTree = "<group>"; };
/* End PBXFileReference section */

/* Begin PBXFrameworksBuildPhase section */
		DEB74D0F1DA756BA002CBDA4 /* Frameworks */ = {
			isa = PBXFrameworksBuildPhase;
			buildActionMask = 2147483647;
			files = (
			);
			runOnlyForDeploymentPostprocessing = 0;
		};
/* End PBXFrameworksBuildPhase section */

/* Begin PBXGroup section */
		DEB74D091DA756BA002CBDA4 = {
			isa = PBXGroup;
			children = (
				DEB74D141DA756BA002CBDA4 /* graph_mode_11_bac2nd */,
				DEB74D131DA756BA002CBDA4 /* Products */,
			);
			sourceTree = "<group>";
		};
		DEB74D131DA756BA002CBDA4 /* Products */ = {
			isa = PBXGroup;
			children = (
				DEB74D121DA756BA002CBDA4 /* graph_mode_11_bac2nd */,
			);
			name = Products;
			sourceTree = "<group>";
		};
		DEB74D141DA756BA002CBDA4 /* graph_mode_11_bac2nd */ = {
			isa = PBXGroup;
			children = (
				DEB74D151DA756BA002CBDA4 /*  UVa1151 Buy or Build.cpp */,
				DEB74D1C1DA756E9002CBDA4 /* in */,
				DEB74D1D1DA756F2002CBDA4 /* out */,
				DEB74D1E1DA75729002CBDA4 /* Uva 1395 Slim Span.cpp */,
				DEB833111DA77B0D00E74877 /* UVa247 Calling Circles.cpp */,
			);
			path = graph_mode_11_bac2nd;
			sourceTree = "<group>";
		};
/* End PBXGroup section */

/* Begin PBXNativeTarget section */
		DEB74D111DA756BA002CBDA4 /* graph_mode_11_bac2nd */ = {
			isa = PBXNativeTarget;
			buildConfigurationList = DEB74D191DA756BA002CBDA4 /* Build configuration list for PBXNativeTarget "graph_mode_11_bac2nd" */;
			buildPhases = (
				DEB74D0E1DA756BA002CBDA4 /* Sources */,
				DEB74D0F1DA756BA002CBDA4 /* Frameworks */,
				DEB74D101DA756BA002CBDA4 /* CopyFiles */,
			);
			buildRules = (
			);
			dependencies = (
			);
			name = graph_mode_11_bac2nd;
			productName = graph_mode_11_bac2nd;
			productReference = DEB74D121DA756BA002CBDA4 /* graph_mode_11_bac2nd */;
			productType = "com.apple.product-type.tool";
		};
/* End PBXNativeTarget section */

/* Begin PBXProject section */
		DEB74D0A1DA756BA002CBDA4 /* Project object */ = {
			isa = PBXProject;
			attributes = {
				LastUpgradeCheck = 0720;
				ORGANIZATIONNAME = YuXiao;
				TargetAttributes = {
					DEB74D111DA756BA002CBDA4 = {
						CreatedOnToolsVersion = 7.2.1;
					};
				};
			};
			buildConfigurationList = DEB74D0D1DA756BA002CBDA4 /* Build configuration list for PBXProject "graph_mode_11_bac2nd" */;
			compatibilityVersion = "Xcode 3.2";
			developmentRegion = English;
			hasScannedForEncodings = 0;
			knownRegions = (
				en,
			);
			mainGroup = DEB74D091DA756BA002CBDA4;
			productRefGroup = DEB74D131DA756BA002CBDA4 /* Products */;
			projectDirPath = "";
			projectRoot = "";
			targets = (
				DEB74D111DA756BA002CBDA4 /* graph_mode_11_bac2nd */,
			);
		};
/* End PBXProject section */

/* Begin PBXSourcesBuildPhase section */
		DEB74D0E1DA756BA002CBDA4 /* Sources */ = {
			isa = PBXSourcesBuildPhase;
			buildActionMask = 2147483647;
			files = (
				DEB74D1F1DA75729002CBDA4 /* Uva 1395 Slim Span.cpp in Sources */,
				DEB74D161DA756BA002CBDA4 /*  UVa1151 Buy or Build.cpp in Sources */,
				DEB833121DA77B0D00E74877 /* UVa247 Calling Circles.cpp in Sources */,
			);
			runOnlyForDeploymentPostprocessing = 0;
		};
/* End PBXSourcesBuildPhase section */

/* Begin XCBuildConfiguration section */
		DEB74D171DA756BA002CBDA4 /* Debug */ = {
			isa = XCBuildConfiguration;
			buildSettings = {
				ALWAYS_SEARCH_USER_PATHS = NO;
				CLANG_CXX_LANGUAGE_STANDARD = "gnu++0x";
				CLANG_CXX_LIBRARY = "libc++";
				CLANG_ENABLE_MODULES = YES;
				CLANG_ENABLE_OBJC_ARC = YES;
				CLANG_WARN_BOOL_CONVERSION = YES;
				CLANG_WARN_CONSTANT_CONVERSION = YES;
				CLANG_WARN_DIRECT_OBJC_ISA_USAGE = YES_ERROR;
				CLANG_WARN_EMPTY_BODY = YES;
				CLANG_WARN_ENUM_CONVERSION = YES;
				CLANG_WARN_INT_CONVERSION = YES;
				CLANG_WARN_OBJC_ROOT_CLASS = YES_ERROR;
				CLANG_WARN_UNREACHABLE_CODE = YES;
				CLANG_WARN__DUPLICATE_METHOD_MATCH = YES;
				CODE_SIGN_IDENTITY = "-";
				COPY_PHASE_STRIP = NO;
				DEBUG_INFORMATION_FORMAT = dwarf;
				ENABLE_STRICT_OBJC_MSGSEND = YES;
				ENABLE_TESTABILITY = YES;
				GCC_C_LANGUAGE_STANDARD = gnu99;
				GCC_DYNAMIC_NO_PIC = NO;
				GCC_NO_COMMON_BLOCKS = YES;
				GCC_OPTIMIZATION_LEVEL = 0;
				GCC_PREPROCESSOR_DEFINITIONS = (
					"DEBUG=1",
					"$(inherited)",
				);
				GCC_WARN_64_TO_32_BIT_CONVERSION = YES;
				GCC_WARN_ABOUT_RETURN_TYPE = YES_ERROR;
				GCC_WARN_UNDECLARED_SELECTOR = YES;
				GCC_WARN_UNINITIALIZED_AUTOS = YES_AGGRESSIVE;
				GCC_WARN_UNUSED_FUNCTION = YES;
				GCC_WARN_UNUSED_VARIABLE = YES;
				MACOSX_DEPLOYMENT_TARGET = 10.10;
				MTL_ENABLE_DEBUG_INFO = YES;
				ONLY_ACTIVE_ARCH = YES;
				SDKROOT = macosx;
			};
			name = Debug;
		};
		DEB74D181DA756BA002CBDA4 /* Release */ = {
			isa = XCBuildConfiguration;
			buildSettings = {
				ALWAYS_SEARCH_USER_PATHS = NO;
				CLANG_CXX_LANGUAGE_STANDARD = "gnu++0x";
				CLANG_CXX_LIBRARY = "libc++";
				CLANG_ENABLE_MODULES = YES;
				CLANG_ENABLE_OBJC_ARC = YES;
				CLANG_WARN_BOOL_CONVERSION = YES;
				CLANG_WARN_CONSTANT_CONVERSION = YES;
				CLANG_WARN_DIRECT_OBJC_ISA_USAGE = YES_ERROR;
				CLANG_WARN_EMPTY_BODY = YES;
				CLANG_WARN_ENUM_CONVERSION = YES;
				CLANG_WARN_INT_CONVERSION = YES;
				CLANG_WARN_OBJC_ROOT_CLASS = YES_ERROR;
				CLANG_WARN_UNREACHABLE_CODE = YES;
				CLANG_WARN__DUPLICATE_METHOD_MATCH = YES;
				CODE_SIGN_IDENTITY = "-";
				COPY_PHASE_STRIP = NO;
				DEBUG_INFORMATION_FORMAT = "dwarf-with-dsym";
				ENABLE_NS_ASSERTIONS = NO;
				ENABLE_STRICT_OBJC_MSGSEND = YES;
				GCC_C_LANGUAGE_STANDARD = gnu99;
				GCC_NO_COMMON_BLOCKS = YES;
				GCC_WARN_64_TO_32_BIT_CONVERSION = YES;
				GCC_WARN_ABOUT_RETURN_TYPE = YES_ERROR;
				GCC_WARN_UNDECLARED_SELECTOR = YES;
				GCC_WARN_UNINITIALIZED_AUTOS = YES_AGGRESSIVE;
				GCC_WARN_UNUSED_FUNCTION = YES;
				GCC_WARN_UNUSED_VARIABLE = YES;
				MACOSX_DEPLOYMENT_TARGET = 10.10;
				MTL_ENABLE_DEBUG_INFO = NO;
				SDKROOT = macosx;
			};
			name = Release;
		};
		DEB74D1A1DA756BA002CBDA4 /* Debug */ = {
			isa = XCBuildConfiguration;
			buildSettings = {
				PRODUCT_NAME = "$(TARGET_NAME)";
			};
			name = Debug;
		};
		DEB74D1B1DA756BA002CBDA4 /* Release */ = {
			isa = XCBuildConfiguration;
			buildSettings = {
				PRODUCT_NAME = "$(TARGET_NAME)";
			};
			name = Release;
		};
/* End XCBuildConfiguration section */

/* Begin XCConfigurationList section */
		DEB74D0D1DA756BA002CBDA4 /* Build configuration list for PBXProject "graph_mode_11_bac2nd" */ = {
			isa = XCConfigurationList;
			buildConfigurations = (
				DEB74D171DA756BA002CBDA4 /* Debug */,
				DEB74D181DA756BA002CBDA4 /* Release */,
			);
			defaultConfigurationIsVisible = 0;
			defaultConfigurationName = Release;
		};
		DEB74D191DA756BA002CBDA4 /* Build configuration list for PBXNativeTarget "graph_mode_11_bac2nd" */ = {
			isa = XCConfigurationList;
			buildConfigurations = (
				DEB74D1A1DA756BA002CBDA4 /* Debug */,
				DEB74D1B1DA756BA002CBDA4 /* Release */,
			);
			defaultConfigurationIsVisible = 0;
			defaultConfigurationName = Release;
		};
/* End XCConfigurationList section */
	};
	rootObject = DEB74D0A1DA756BA002CBDA4 /* Project object */;
}
